
Microsoft Visual Studio Solution File, Format Version 12.00
# Visual Studio 15
VisualStudioVersion = 15.0.28010.2016
MinimumVisualStudioVersion = 10.0.40219.1
Project("{FAE04EC0-301F-11D3-BF4B-00C04F79EFBC}") = "VersiebeheerPATOP3", "VersiebeheerPATOP3\VersiebeheerPATOP3.csproj", "{22D22168-7132-4BFE-B077-B41545FDD92E}"
EndProject
Global
	GlobalSection(SolutionConfigurationPlatforms) = preSolution
		Debug|Any CPU = Debug|Any CPU
		Release|Any CPU = Release|Any CPU
	EndGlobalSection
	GlobalSection(ProjectConfigurationPlatforms) = postSolution
		{22D22168-7132-4BFE-B077-B41545FDD92E}.Debug|Any CPU.ActiveCfg = Debug|Any CPU
		{22D22168-7132-4BFE-B077-B41545FDD92E}.Debug|Any CPU.Build.0 = Debug|Any CPU
		{22D22168-7132-4BFE-B077-B41545FDD92E}.Release|Any CPU.ActiveCfg = Release|Any CPU
		{22D22168-7132-4BFE-B077-B41545FDD92E}.Release|Any CPU.Build.0 = Release|Any CPU
	EndGlobalSection
	GlobalSection(SolutionProperties) = preSolution
		HideSolutionNode = FALSE
	EndGlobalSection
	GlobalSection(ExtensibilityGlobals) = postSolution
		SolutionGuid = {D4D032D8-E74D-431A-BE82-43984956E7AF}
	EndGlobalSection
EndGlobal
